
Microsoft Visual Studio Solution File, Format Version 12.00
# Visual Studio Version 16
VisualStudioVersion = 16.0.30517.126
MinimumVisualStudioVersion = 10.0.40219.1
Project("{9A19103F-16F7-4668-BE54-9A1E7A4F7556}") = "GourmetPizza", "GourmetPizza.csproj", "{325DD761-B029-4DA5-9F89-9F946D682FDE}"
EndProject
Global
	GlobalSection(SolutionConfigurationPlatforms) = preSolution
		Debug|Any CPU = Debug|Any CPU
		Release|Any CPU = Release|Any CPU
	EndGlobalSection
	GlobalSection(ProjectConfigurationPlatforms) = postSolution
		{325DD761-B029-4DA5-9F89-9F946D682FDE}.Debug|Any CPU.ActiveCfg = Debug|Any CPU
		{325DD761-B029-4DA5-9F89-9F946D682FDE}.Debug|Any CPU.Build.0 = Debug|Any CPU
		{325DD761-B029-4DA5-9F89-9F946D682FDE}.Release|Any CPU.ActiveCfg = Release|Any CPU
		{325DD761-B029-4DA5-9F89-9F946D682FDE}.Release|Any CPU.Build.0 = Release|Any CPU
	EndGlobalSection
	GlobalSection(SolutionProperties) = preSolution
		HideSolutionNode = FALSE
	EndGlobalSection
	GlobalSection(ExtensibilityGlobals) = postSolution
		SolutionGuid = {291C400D-8D60-4304-8EBB-4306D80A4D78}
	EndGlobalSection
EndGlobal
